
Microsoft Visual Studio Solution File, Format Version 12.00
# Visual Studio Version 17
VisualStudioVersion = 17.0.31903.59
MinimumVisualStudioVersion = 10.0.40219.1
Project("{9A19103F-16F7-4668-BE54-9A1E7A4F7556}") = "WebAPI", "WebAPI\WebAPI.csproj", "{933B6770-0453-4B3E-A1A5-F398803B95C6}"
EndProject
Project("{FAE04EC0-301F-11D3-BF4B-00C04F79EFBC}") = "WebAPI.UnitTests", "Tests\WebAPI.UnitTests\WebAPI.UnitTests.csproj", "{E25DCC75-96DF-4EBB-B00D-8D6A12DB9647}"
EndProject
Global
	GlobalSection(SolutionConfigurationPlatforms) = preSolution
		Debug|Any CPU = Debug|Any CPU
		Release|Any CPU = Release|Any CPU
	EndGlobalSection
	GlobalSection(ProjectConfigurationPlatforms) = postSolution
		{933B6770-0453-4B3E-A1A5-F398803B95C6}.Debug|Any CPU.ActiveCfg = Debug|Any CPU
		{933B6770-0453-4B3E-A1A5-F398803B95C6}.Debug|Any CPU.Build.0 = Debug|Any CPU
		{933B6770-0453-4B3E-A1A5-F398803B95C6}.Release|Any CPU.ActiveCfg = Release|Any CPU
		{933B6770-0453-4B3E-A1A5-F398803B95C6}.Release|Any CPU.Build.0 = Release|Any CPU
		{E25DCC75-96DF-4EBB-B00D-8D6A12DB9647}.Debug|Any CPU.ActiveCfg = Debug|Any CPU
		{E25DCC75-96DF-4EBB-B00D-8D6A12DB9647}.Debug|Any CPU.Build.0 = Debug|Any CPU
		{E25DCC75-96DF-4EBB-B00D-8D6A12DB9647}.Release|Any CPU.ActiveCfg = Release|Any CPU
		{E25DCC75-96DF-4EBB-B00D-8D6A12DB9647}.Release|Any CPU.Build.0 = Release|Any CPU
	EndGlobalSection
	GlobalSection(SolutionProperties) = preSolution
		HideSolutionNode = FALSE
	EndGlobalSection
	GlobalSection(ExtensibilityGlobals) = postSolution
		SolutionGuid = {D4C789C8-6B2D-4D2B-9CFA-8A7433F28FAE}
	EndGlobalSection
EndGlobal
