
Microsoft Visual Studio Solution File, Format Version 12.00
# Visual Studio Version 17
VisualStudioVersion = 17.8.34330.188
MinimumVisualStudioVersion = 10.0.40219.1
Project("{FAE04EC0-301F-11D3-BF4B-00C04F79EFBC}") = "WebAPI", "WebAPI\WebAPI.csproj", "{081E0FB3-F793-4ECF-AF3C-1D4AE1E1B423}"
EndProject
Global
	GlobalSection(SolutionConfigurationPlatforms) = preSolution
		Debug|Any CPU = Debug|Any CPU
		Release|Any CPU = Release|Any CPU
	EndGlobalSection
	GlobalSection(ProjectConfigurationPlatforms) = postSolution
		{081E0FB3-F793-4ECF-AF3C-1D4AE1E1B423}.Debug|Any CPU.ActiveCfg = Debug|Any CPU
		{081E0FB3-F793-4ECF-AF3C-1D4AE1E1B423}.Debug|Any CPU.Build.0 = Debug|Any CPU
		{081E0FB3-F793-4ECF-AF3C-1D4AE1E1B423}.Release|Any CPU.ActiveCfg = Release|Any CPU
		{081E0FB3-F793-4ECF-AF3C-1D4AE1E1B423}.Release|Any CPU.Build.0 = Release|Any CPU
	EndGlobalSection
	GlobalSection(SolutionProperties) = preSolution
		HideSolutionNode = FALSE
	EndGlobalSection
	GlobalSection(ExtensibilityGlobals) = postSolution
		SolutionGuid = {65305AF1-88CE-40CA-9822-99081137D5DB}
	EndGlobalSection
EndGlobal
